
Microsoft Visual Studio Solution File, Format Version 12.00
# Visual Studio 14
VisualStudioVersion = 14.0.25420.1
MinimumVisualStudioVersion = 10.0.40219.1
Project("{2150E333-8FDC-42A3-9474-1A3956D46DE8}") = "OnwerProject", "OnwerProject", "{0A7FA7F0-61F8-460D-A4F1-10683D2A6A89}"
EndProject
Project("{2150E333-8FDC-42A3-9474-1A3956D46DE8}") = "ExpensesProject", "ExpensesProject", "{5B07B83C-ED55-495B-A973-79279C622BB2}"
EndProject
Project("{2150E333-8FDC-42A3-9474-1A3956D46DE8}") = "RevenusProject", "RevenusProject", "{8B6F0FBC-E36F-4727-8276-3681E551F1F4}"
EndProject
Project("{2150E333-8FDC-42A3-9474-1A3956D46DE8}") = "InvestementProject", "InvestementProject", "{9D28D366-0D88-4FAB-A551-B0CBF64D57FE}"
EndProject
Project("{FAE04EC0-301F-11D3-BF4B-00C04F79EFBC}") = "OwnerDAL", "OwnerDAL\OwnerDAL.csproj", "{A3530F8F-F93E-45EE-9C97-96A84A5B5749}"
EndProject
Project("{FAE04EC0-301F-11D3-BF4B-00C04F79EFBC}") = "OwnerBLO", "OwnerBLO\OwnerBLO.csproj", "{984870D1-43C7-468A-BA1B-27C564F1EFF8}"
EndProject
Project("{FAE04EC0-301F-11D3-BF4B-00C04F79EFBC}") = "InvestmentDAL", "InvestmentDAL\InvestmentDAL.csproj", "{EE47EAC6-07C0-48B8-AD53-54FA5EC1F835}"
EndProject
Project("{FAE04EC0-301F-11D3-BF4B-00C04F79EFBC}") = "InvestmentBLO", "InvestmentBLO\InvestmentBLO.csproj", "{3662FBFB-9E05-47D2-997D-9FEB3B214693}"
EndProject
Project("{FAE04EC0-301F-11D3-BF4B-00C04F79EFBC}") = "ExpenseDAL", "ExpenseDAL\ExpenseDAL.csproj", "{9120E5AD-9267-4595-A833-3D63446FFCFC}"
EndProject
Project("{FAE04EC0-301F-11D3-BF4B-00C04F79EFBC}") = "ExpenseBLO", "ExpenseBLO\ExpenseBLO.csproj", "{B46D08DD-1D1E-4D2C-902E-0EDF310BCBDE}"
EndProject
Project("{FAE04EC0-301F-11D3-BF4B-00C04F79EFBC}") = "RevenuDAL", "RevenuDAL\RevenuDAL.csproj", "{5E155B90-A9E7-4EE5-B4DA-CDBF4A00E21F}"
EndProject
Project("{FAE04EC0-301F-11D3-BF4B-00C04F79EFBC}") = "RevenuBLO", "RevenuBLO\RevenuBLO.csproj", "{92586ED0-2FF7-4D08-8F3D-7D2A75EA9BC3}"
EndProject
Global
	GlobalSection(SolutionConfigurationPlatforms) = preSolution
		Debug|Any CPU = Debug|Any CPU
		Release|Any CPU = Release|Any CPU
	EndGlobalSection
	GlobalSection(ProjectConfigurationPlatforms) = postSolution
		{A3530F8F-F93E-45EE-9C97-96A84A5B5749}.Debug|Any CPU.ActiveCfg = Debug|Any CPU
		{A3530F8F-F93E-45EE-9C97-96A84A5B5749}.Debug|Any CPU.Build.0 = Debug|Any CPU
		{A3530F8F-F93E-45EE-9C97-96A84A5B5749}.Release|Any CPU.ActiveCfg = Release|Any CPU
		{A3530F8F-F93E-45EE-9C97-96A84A5B5749}.Release|Any CPU.Build.0 = Release|Any CPU
		{984870D1-43C7-468A-BA1B-27C564F1EFF8}.Debug|Any CPU.ActiveCfg = Debug|Any CPU
		{984870D1-43C7-468A-BA1B-27C564F1EFF8}.Debug|Any CPU.Build.0 = Debug|Any CPU
		{984870D1-43C7-468A-BA1B-27C564F1EFF8}.Release|Any CPU.ActiveCfg = Release|Any CPU
		{984870D1-43C7-468A-BA1B-27C564F1EFF8}.Release|Any CPU.Build.0 = Release|Any CPU
		{EE47EAC6-07C0-48B8-AD53-54FA5EC1F835}.Debug|Any CPU.ActiveCfg = Debug|Any CPU
		{EE47EAC6-07C0-48B8-AD53-54FA5EC1F835}.Debug|Any CPU.Build.0 = Debug|Any CPU
		{EE47EAC6-07C0-48B8-AD53-54FA5EC1F835}.Release|Any CPU.ActiveCfg = Release|Any CPU
		{EE47EAC6-07C0-48B8-AD53-54FA5EC1F835}.Release|Any CPU.Build.0 = Release|Any CPU
		{3662FBFB-9E05-47D2-997D-9FEB3B214693}.Debug|Any CPU.ActiveCfg = Debug|Any CPU
		{3662FBFB-9E05-47D2-997D-9FEB3B214693}.Debug|Any CPU.Build.0 = Debug|Any CPU
		{3662FBFB-9E05-47D2-997D-9FEB3B214693}.Release|Any CPU.ActiveCfg = Release|Any CPU
		{3662FBFB-9E05-47D2-997D-9FEB3B214693}.Release|Any CPU.Build.0 = Release|Any CPU
		{9120E5AD-9267-4595-A833-3D63446FFCFC}.Debug|Any CPU.ActiveCfg = Debug|Any CPU
		{9120E5AD-9267-4595-A833-3D63446FFCFC}.Debug|Any CPU.Build.0 = Debug|Any CPU
		{9120E5AD-9267-4595-A833-3D63446FFCFC}.Release|Any CPU.ActiveCfg = Release|Any CPU
		{9120E5AD-9267-4595-A833-3D63446FFCFC}.Release|Any CPU.Build.0 = Release|Any CPU
		{B46D08DD-1D1E-4D2C-902E-0EDF310BCBDE}.Debug|Any CPU.ActiveCfg = Debug|Any CPU
		{B46D08DD-1D1E-4D2C-902E-0EDF310BCBDE}.Debug|Any CPU.Build.0 = Debug|Any CPU
		{B46D08DD-1D1E-4D2C-902E-0EDF310BCBDE}.Release|Any CPU.ActiveCfg = Release|Any CPU
		{B46D08DD-1D1E-4D2C-902E-0EDF310BCBDE}.Release|Any CPU.Build.0 = Release|Any CPU
		{5E155B90-A9E7-4EE5-B4DA-CDBF4A00E21F}.Debug|Any CPU.ActiveCfg = Debug|Any CPU
		{5E155B90-A9E7-4EE5-B4DA-CDBF4A00E21F}.Debug|Any CPU.Build.0 = Debug|Any CPU
		{5E155B90-A9E7-4EE5-B4DA-CDBF4A00E21F}.Release|Any CPU.ActiveCfg = Release|Any CPU
		{5E155B90-A9E7-4EE5-B4DA-CDBF4A00E21F}.Release|Any CPU.Build.0 = Release|Any CPU
		{92586ED0-2FF7-4D08-8F3D-7D2A75EA9BC3}.Debug|Any CPU.ActiveCfg = Debug|Any CPU
		{92586ED0-2FF7-4D08-8F3D-7D2A75EA9BC3}.Debug|Any CPU.Build.0 = Debug|Any CPU
		{92586ED0-2FF7-4D08-8F3D-7D2A75EA9BC3}.Release|Any CPU.ActiveCfg = Release|Any CPU
		{92586ED0-2FF7-4D08-8F3D-7D2A75EA9BC3}.Release|Any CPU.Build.0 = Release|Any CPU
	EndGlobalSection
	GlobalSection(SolutionProperties) = preSolution
		HideSolutionNode = FALSE
	EndGlobalSection
	GlobalSection(NestedProjects) = preSolution
		{A3530F8F-F93E-45EE-9C97-96A84A5B5749} = {0A7FA7F0-61F8-460D-A4F1-10683D2A6A89}
		{984870D1-43C7-468A-BA1B-27C564F1EFF8} = {0A7FA7F0-61F8-460D-A4F1-10683D2A6A89}
		{EE47EAC6-07C0-48B8-AD53-54FA5EC1F835} = {9D28D366-0D88-4FAB-A551-B0CBF64D57FE}
		{3662FBFB-9E05-47D2-997D-9FEB3B214693} = {9D28D366-0D88-4FAB-A551-B0CBF64D57FE}
		{9120E5AD-9267-4595-A833-3D63446FFCFC} = {5B07B83C-ED55-495B-A973-79279C622BB2}
		{B46D08DD-1D1E-4D2C-902E-0EDF310BCBDE} = {5B07B83C-ED55-495B-A973-79279C622BB2}
		{5E155B90-A9E7-4EE5-B4DA-CDBF4A00E21F} = {8B6F0FBC-E36F-4727-8276-3681E551F1F4}
		{92586ED0-2FF7-4D08-8F3D-7D2A75EA9BC3} = {8B6F0FBC-E36F-4727-8276-3681E551F1F4}
	EndGlobalSection
EndGlobal
